
Microsoft Visual Studio Solution File, Format Version 12.00
# Visual Studio Version 17
VisualStudioVersion = 17.1.32407.343
MinimumVisualStudioVersion = 10.0.40219.1
Project("{FAE04EC0-301F-11D3-BF4B-00C04F79EFBC}") = "Vidly", "Vidly\Vidly.csproj", "{BD28E2BB-F2CB-45C8-800D-DBEFB890C90E}"
EndProject
Global
	GlobalSection(SolutionConfigurationPlatforms) = preSolution
		Debug|Any CPU = Debug|Any CPU
		Release|Any CPU = Release|Any CPU
	EndGlobalSection
	GlobalSection(ProjectConfigurationPlatforms) = postSolution
		{BD28E2BB-F2CB-45C8-800D-DBEFB890C90E}.Debug|Any CPU.ActiveCfg = Debug|Any CPU
		{BD28E2BB-F2CB-45C8-800D-DBEFB890C90E}.Debug|Any CPU.Build.0 = Debug|Any CPU
		{BD28E2BB-F2CB-45C8-800D-DBEFB890C90E}.Release|Any CPU.ActiveCfg = Release|Any CPU
		{BD28E2BB-F2CB-45C8-800D-DBEFB890C90E}.Release|Any CPU.Build.0 = Release|Any CPU
	EndGlobalSection
	GlobalSection(SolutionProperties) = preSolution
		HideSolutionNode = FALSE
	EndGlobalSection
	GlobalSection(ExtensibilityGlobals) = postSolution
		SolutionGuid = {644D2C32-AE79-42BB-9CCA-9E8705B82ADF}
	EndGlobalSection
EndGlobal
